
Microsoft Visual Studio Solution File, Format Version 12.00
# Visual Studio Version 17
VisualStudioVersion = 17.5.33627.172
MinimumVisualStudioVersion = 10.0.40219.1
Project("{9A19103F-16F7-4668-BE54-9A1E7A4F7556}") = "TakeFramework", "src\Take-Framework\TakeFramework.csproj", "{3A7C1F41-169B-4ABA-9D2D-EC958D0EC23B}"
EndProject
Project("{2150E333-8FDC-42A3-9474-1A3956D46DE8}") = "src", "src", "{B59558BE-5644-4961-B87D-A8F9F1F0495E}"
EndProject
Project("{9A19103F-16F7-4668-BE54-9A1E7A4F7556}") = "TakeFramework.AutoMapper", "src\TakeFramework.Mapper\TakeFramework.AutoMapper.csproj", "{A851359C-D006-4809-81F5-523C34DAD803}"
EndProject
Project("{9A19103F-16F7-4668-BE54-9A1E7A4F7556}") = "TakeFramework.EntityFrameworkCore", "src\TakeFramework.EntityFrameworkCore\TakeFramework.EntityFrameworkCore.csproj", "{53CDD7FA-886E-4DE5-8B94-B8EF7D9D0D88}"
EndProject
Project("{2150E333-8FDC-42A3-9474-1A3956D46DE8}") = "sample", "sample", "{9DE21D97-9E19-415C-8331-403017E4C049}"
EndProject
Project("{2150E333-8FDC-42A3-9474-1A3956D46DE8}") = "web", "web", "{1B535868-DEF3-4DBF-846B-D79BA7A3B926}"
EndProject
Project("{2150E333-8FDC-42A3-9474-1A3956D46DE8}") = "test", "test", "{F91FB49E-1B8C-4711-894D-D2FD1EB53FAB}"
EndProject
Project("{9A19103F-16F7-4668-BE54-9A1E7A4F7556}") = "TakeFramework.EntityFrameworkCore.SqlServer", "src\TakeFramework.EntityFrameworkCore.SqlServer\TakeFramework.EntityFrameworkCore.SqlServer.csproj", "{FC760444-7AC0-4AC5-81B3-481CBC92B484}"
EndProject
Project("{2150E333-8FDC-42A3-9474-1A3956D46DE8}") = "SampleBlazor", "SampleBlazor", "{AC3B5BB4-5C39-466F-8DD3-30812AAA450A}"
EndProject
Project("{9A19103F-16F7-4668-BE54-9A1E7A4F7556}") = "Sample.EntityFrameworkCore", "sample\Web\Sample.EntityFrameworkCore\Sample.EntityFrameworkCore.csproj", "{57E8E9F1-8443-4CF5-AB05-35EA46F642A1}"
EndProject
Project("{9A19103F-16F7-4668-BE54-9A1E7A4F7556}") = "Sample.Core", "sample\Web\Sample.Core\Sample.Core.csproj", "{3434A66F-DB10-413E-AFC6-C9867AD84B5F}"
EndProject
Project("{9A19103F-16F7-4668-BE54-9A1E7A4F7556}") = "Sample.Domain", "sample\Web\Sample.Domain\Sample.Domain.csproj", "{5EBDD149-AA38-47D2-B372-B9BE0AA44FDD}"
EndProject
Project("{9A19103F-16F7-4668-BE54-9A1E7A4F7556}") = "Sample.Server", "sample\Web\Sample.Server\Sample.Server.csproj", "{8EB34231-C86C-4743-99DF-3AF05D1F7E8C}"
EndProject
Project("{9A19103F-16F7-4668-BE54-9A1E7A4F7556}") = "Sample.Web", "sample\Web\Sample.Web\Sample.Web.csproj", "{1D3CCF06-BC7E-43CF-ABF4-167F250FA3F2}"
EndProject
Project("{9A19103F-16F7-4668-BE54-9A1E7A4F7556}") = "TakeFramework.Swagger", "src\TakeFramework.Swagger\TakeFramework.Swagger.csproj", "{378A505B-B806-4C2C-B37A-5F2B0759AE1B}"
EndProject
Project("{9A19103F-16F7-4668-BE54-9A1E7A4F7556}") = "SampleBlazor.Client", "sample\Web\Sample.Blazor\Client\SampleBlazor.Client.csproj", "{AE8DE151-FB18-44BB-A02A-5E926BB46181}"
EndProject
Project("{9A19103F-16F7-4668-BE54-9A1E7A4F7556}") = "SampleBlazor.Server", "sample\Web\Sample.Blazor\Server\SampleBlazor.Server.csproj", "{D7BE56A0-5A01-4443-AB9C-366AC01FEB9B}"
EndProject
Project("{9A19103F-16F7-4668-BE54-9A1E7A4F7556}") = "Sample.Host.Shared", "sample\Web\Sample.Host.Shared\Sample.Host.Shared.csproj", "{5E7892C8-A728-4D39-97EC-3DA35E6E0DB9}"
EndProject
Project("{9A19103F-16F7-4668-BE54-9A1E7A4F7556}") = "Sample.Domain.Shared", "sample\Web\Sample.Domain.Shared\Sample.Domain.Shared.csproj", "{AD22ABD1-7632-48E7-B6E2-46ADD57B948D}"
EndProject
Project("{9A19103F-16F7-4668-BE54-9A1E7A4F7556}") = "Sample.Server.Contracts", "sample\Web\Sample.Server.Contracts\Sample.Server.Contracts.csproj", "{ED24ACDE-67DF-40F0-B5AB-6740739DE0CB}"
EndProject
Project("{9A19103F-16F7-4668-BE54-9A1E7A4F7556}") = "TakeFramework.Web", "src\TakeFramework.Web\TakeFramework.Web.csproj", "{ACE0B5C1-BACD-4183-9B88-F292FF47946A}"
EndProject
Project("{9A19103F-16F7-4668-BE54-9A1E7A4F7556}") = "TakeFramework.Serilog", "src\TakeFramework.Serilog\TakeFramework.Serilog.csproj", "{28195724-3363-4B6A-BBF1-A1CAC442A9C0}"
EndProject
Project("{9A19103F-16F7-4668-BE54-9A1E7A4F7556}") = "TakeFramework.JWT", "src\TakeFramework.JWT\TakeFramework.JWT.csproj", "{29B03C32-7EA0-47DD-8FD4-A80787FA760F}"
EndProject
Project("{2150E333-8FDC-42A3-9474-1A3956D46DE8}") = "tools", "tools", "{EE547B8B-D395-44B4-83E3-95D14B64470D}"
EndProject
Project("{2150E333-8FDC-42A3-9474-1A3956D46DE8}") = "nuget", "nuget", "{9B20E499-FE08-46BD-84BE-385BD3A33869}"
	ProjectSection(SolutionItems) = preProject
		tools\nuget\push.bat = tools\nuget\push.bat
	EndProjectSection
EndProject
Global
	GlobalSection(SolutionConfigurationPlatforms) = preSolution
		Debug|Any CPU = Debug|Any CPU
		Release|Any CPU = Release|Any CPU
	EndGlobalSection
	GlobalSection(ProjectConfigurationPlatforms) = postSolution
		{3A7C1F41-169B-4ABA-9D2D-EC958D0EC23B}.Debug|Any CPU.ActiveCfg = Debug|Any CPU
		{3A7C1F41-169B-4ABA-9D2D-EC958D0EC23B}.Debug|Any CPU.Build.0 = Debug|Any CPU
		{3A7C1F41-169B-4ABA-9D2D-EC958D0EC23B}.Release|Any CPU.ActiveCfg = Release|Any CPU
		{3A7C1F41-169B-4ABA-9D2D-EC958D0EC23B}.Release|Any CPU.Build.0 = Release|Any CPU
		{A851359C-D006-4809-81F5-523C34DAD803}.Debug|Any CPU.ActiveCfg = Debug|Any CPU
		{A851359C-D006-4809-81F5-523C34DAD803}.Debug|Any CPU.Build.0 = Debug|Any CPU
		{A851359C-D006-4809-81F5-523C34DAD803}.Release|Any CPU.ActiveCfg = Release|Any CPU
		{A851359C-D006-4809-81F5-523C34DAD803}.Release|Any CPU.Build.0 = Release|Any CPU
		{53CDD7FA-886E-4DE5-8B94-B8EF7D9D0D88}.Debug|Any CPU.ActiveCfg = Debug|Any CPU
		{53CDD7FA-886E-4DE5-8B94-B8EF7D9D0D88}.Debug|Any CPU.Build.0 = Debug|Any CPU
		{53CDD7FA-886E-4DE5-8B94-B8EF7D9D0D88}.Release|Any CPU.ActiveCfg = Release|Any CPU
		{53CDD7FA-886E-4DE5-8B94-B8EF7D9D0D88}.Release|Any CPU.Build.0 = Release|Any CPU
		{FC760444-7AC0-4AC5-81B3-481CBC92B484}.Debug|Any CPU.ActiveCfg = Debug|Any CPU
		{FC760444-7AC0-4AC5-81B3-481CBC92B484}.Debug|Any CPU.Build.0 = Debug|Any CPU
		{FC760444-7AC0-4AC5-81B3-481CBC92B484}.Release|Any CPU.ActiveCfg = Release|Any CPU
		{FC760444-7AC0-4AC5-81B3-481CBC92B484}.Release|Any CPU.Build.0 = Release|Any CPU
		{57E8E9F1-8443-4CF5-AB05-35EA46F642A1}.Debug|Any CPU.ActiveCfg = Debug|Any CPU
		{57E8E9F1-8443-4CF5-AB05-35EA46F642A1}.Debug|Any CPU.Build.0 = Debug|Any CPU
		{57E8E9F1-8443-4CF5-AB05-35EA46F642A1}.Release|Any CPU.ActiveCfg = Release|Any CPU
		{57E8E9F1-8443-4CF5-AB05-35EA46F642A1}.Release|Any CPU.Build.0 = Release|Any CPU
		{3434A66F-DB10-413E-AFC6-C9867AD84B5F}.Debug|Any CPU.ActiveCfg = Debug|Any CPU
		{3434A66F-DB10-413E-AFC6-C9867AD84B5F}.Debug|Any CPU.Build.0 = Debug|Any CPU
		{3434A66F-DB10-413E-AFC6-C9867AD84B5F}.Release|Any CPU.ActiveCfg = Release|Any CPU
		{3434A66F-DB10-413E-AFC6-C9867AD84B5F}.Release|Any CPU.Build.0 = Release|Any CPU
		{5EBDD149-AA38-47D2-B372-B9BE0AA44FDD}.Debug|Any CPU.ActiveCfg = Debug|Any CPU
		{5EBDD149-AA38-47D2-B372-B9BE0AA44FDD}.Debug|Any CPU.Build.0 = Debug|Any CPU
		{5EBDD149-AA38-47D2-B372-B9BE0AA44FDD}.Release|Any CPU.ActiveCfg = Release|Any CPU
		{5EBDD149-AA38-47D2-B372-B9BE0AA44FDD}.Release|Any CPU.Build.0 = Release|Any CPU
		{8EB34231-C86C-4743-99DF-3AF05D1F7E8C}.Debug|Any CPU.ActiveCfg = Debug|Any CPU
		{8EB34231-C86C-4743-99DF-3AF05D1F7E8C}.Debug|Any CPU.Build.0 = Debug|Any CPU
		{8EB34231-C86C-4743-99DF-3AF05D1F7E8C}.Release|Any CPU.ActiveCfg = Release|Any CPU
		{8EB34231-C86C-4743-99DF-3AF05D1F7E8C}.Release|Any CPU.Build.0 = Release|Any CPU
		{1D3CCF06-BC7E-43CF-ABF4-167F250FA3F2}.Debug|Any CPU.ActiveCfg = Debug|Any CPU
		{1D3CCF06-BC7E-43CF-ABF4-167F250FA3F2}.Debug|Any CPU.Build.0 = Debug|Any CPU
		{1D3CCF06-BC7E-43CF-ABF4-167F250FA3F2}.Release|Any CPU.ActiveCfg = Release|Any CPU
		{1D3CCF06-BC7E-43CF-ABF4-167F250FA3F2}.Release|Any CPU.Build.0 = Release|Any CPU
		{378A505B-B806-4C2C-B37A-5F2B0759AE1B}.Debug|Any CPU.ActiveCfg = Debug|Any CPU
		{378A505B-B806-4C2C-B37A-5F2B0759AE1B}.Debug|Any CPU.Build.0 = Debug|Any CPU
		{378A505B-B806-4C2C-B37A-5F2B0759AE1B}.Release|Any CPU.ActiveCfg = Release|Any CPU
		{378A505B-B806-4C2C-B37A-5F2B0759AE1B}.Release|Any CPU.Build.0 = Release|Any CPU
		{AE8DE151-FB18-44BB-A02A-5E926BB46181}.Debug|Any CPU.ActiveCfg = Debug|Any CPU
		{AE8DE151-FB18-44BB-A02A-5E926BB46181}.Debug|Any CPU.Build.0 = Debug|Any CPU
		{AE8DE151-FB18-44BB-A02A-5E926BB46181}.Release|Any CPU.ActiveCfg = Release|Any CPU
		{AE8DE151-FB18-44BB-A02A-5E926BB46181}.Release|Any CPU.Build.0 = Release|Any CPU
		{D7BE56A0-5A01-4443-AB9C-366AC01FEB9B}.Debug|Any CPU.ActiveCfg = Debug|Any CPU
		{D7BE56A0-5A01-4443-AB9C-366AC01FEB9B}.Debug|Any CPU.Build.0 = Debug|Any CPU
		{D7BE56A0-5A01-4443-AB9C-366AC01FEB9B}.Release|Any CPU.ActiveCfg = Release|Any CPU
		{D7BE56A0-5A01-4443-AB9C-366AC01FEB9B}.Release|Any CPU.Build.0 = Release|Any CPU
		{5E7892C8-A728-4D39-97EC-3DA35E6E0DB9}.Debug|Any CPU.ActiveCfg = Debug|Any CPU
		{5E7892C8-A728-4D39-97EC-3DA35E6E0DB9}.Debug|Any CPU.Build.0 = Debug|Any CPU
		{5E7892C8-A728-4D39-97EC-3DA35E6E0DB9}.Release|Any CPU.ActiveCfg = Release|Any CPU
		{5E7892C8-A728-4D39-97EC-3DA35E6E0DB9}.Release|Any CPU.Build.0 = Release|Any CPU
		{AD22ABD1-7632-48E7-B6E2-46ADD57B948D}.Debug|Any CPU.ActiveCfg = Debug|Any CPU
		{AD22ABD1-7632-48E7-B6E2-46ADD57B948D}.Debug|Any CPU.Build.0 = Debug|Any CPU
		{AD22ABD1-7632-48E7-B6E2-46ADD57B948D}.Release|Any CPU.ActiveCfg = Release|Any CPU
		{AD22ABD1-7632-48E7-B6E2-46ADD57B948D}.Release|Any CPU.Build.0 = Release|Any CPU
		{ED24ACDE-67DF-40F0-B5AB-6740739DE0CB}.Debug|Any CPU.ActiveCfg = Debug|Any CPU
		{ED24ACDE-67DF-40F0-B5AB-6740739DE0CB}.Debug|Any CPU.Build.0 = Debug|Any CPU
		{ED24ACDE-67DF-40F0-B5AB-6740739DE0CB}.Release|Any CPU.ActiveCfg = Release|Any CPU
		{ED24ACDE-67DF-40F0-B5AB-6740739DE0CB}.Release|Any CPU.Build.0 = Release|Any CPU
		{ACE0B5C1-BACD-4183-9B88-F292FF47946A}.Debug|Any CPU.ActiveCfg = Debug|Any CPU
		{ACE0B5C1-BACD-4183-9B88-F292FF47946A}.Debug|Any CPU.Build.0 = Debug|Any CPU
		{ACE0B5C1-BACD-4183-9B88-F292FF47946A}.Release|Any CPU.ActiveCfg = Release|Any CPU
		{ACE0B5C1-BACD-4183-9B88-F292FF47946A}.Release|Any CPU.Build.0 = Release|Any CPU
		{28195724-3363-4B6A-BBF1-A1CAC442A9C0}.Debug|Any CPU.ActiveCfg = Debug|Any CPU
		{28195724-3363-4B6A-BBF1-A1CAC442A9C0}.Debug|Any CPU.Build.0 = Debug|Any CPU
		{28195724-3363-4B6A-BBF1-A1CAC442A9C0}.Release|Any CPU.ActiveCfg = Release|Any CPU
		{28195724-3363-4B6A-BBF1-A1CAC442A9C0}.Release|Any CPU.Build.0 = Release|Any CPU
		{29B03C32-7EA0-47DD-8FD4-A80787FA760F}.Debug|Any CPU.ActiveCfg = Debug|Any CPU
		{29B03C32-7EA0-47DD-8FD4-A80787FA760F}.Debug|Any CPU.Build.0 = Debug|Any CPU
		{29B03C32-7EA0-47DD-8FD4-A80787FA760F}.Release|Any CPU.ActiveCfg = Release|Any CPU
		{29B03C32-7EA0-47DD-8FD4-A80787FA760F}.Release|Any CPU.Build.0 = Release|Any CPU
	EndGlobalSection
	GlobalSection(SolutionProperties) = preSolution
		HideSolutionNode = FALSE
	EndGlobalSection
	GlobalSection(NestedProjects) = preSolution
		{3A7C1F41-169B-4ABA-9D2D-EC958D0EC23B} = {B59558BE-5644-4961-B87D-A8F9F1F0495E}
		{A851359C-D006-4809-81F5-523C34DAD803} = {B59558BE-5644-4961-B87D-A8F9F1F0495E}
		{53CDD7FA-886E-4DE5-8B94-B8EF7D9D0D88} = {B59558BE-5644-4961-B87D-A8F9F1F0495E}
		{1B535868-DEF3-4DBF-846B-D79BA7A3B926} = {9DE21D97-9E19-415C-8331-403017E4C049}
		{FC760444-7AC0-4AC5-81B3-481CBC92B484} = {B59558BE-5644-4961-B87D-A8F9F1F0495E}
		{AC3B5BB4-5C39-466F-8DD3-30812AAA450A} = {1B535868-DEF3-4DBF-846B-D79BA7A3B926}
		{57E8E9F1-8443-4CF5-AB05-35EA46F642A1} = {1B535868-DEF3-4DBF-846B-D79BA7A3B926}
		{3434A66F-DB10-413E-AFC6-C9867AD84B5F} = {1B535868-DEF3-4DBF-846B-D79BA7A3B926}
		{5EBDD149-AA38-47D2-B372-B9BE0AA44FDD} = {1B535868-DEF3-4DBF-846B-D79BA7A3B926}
		{8EB34231-C86C-4743-99DF-3AF05D1F7E8C} = {1B535868-DEF3-4DBF-846B-D79BA7A3B926}
		{1D3CCF06-BC7E-43CF-ABF4-167F250FA3F2} = {1B535868-DEF3-4DBF-846B-D79BA7A3B926}
		{378A505B-B806-4C2C-B37A-5F2B0759AE1B} = {B59558BE-5644-4961-B87D-A8F9F1F0495E}
		{AE8DE151-FB18-44BB-A02A-5E926BB46181} = {AC3B5BB4-5C39-466F-8DD3-30812AAA450A}
		{D7BE56A0-5A01-4443-AB9C-366AC01FEB9B} = {AC3B5BB4-5C39-466F-8DD3-30812AAA450A}
		{5E7892C8-A728-4D39-97EC-3DA35E6E0DB9} = {1B535868-DEF3-4DBF-846B-D79BA7A3B926}
		{AD22ABD1-7632-48E7-B6E2-46ADD57B948D} = {1B535868-DEF3-4DBF-846B-D79BA7A3B926}
		{ED24ACDE-67DF-40F0-B5AB-6740739DE0CB} = {1B535868-DEF3-4DBF-846B-D79BA7A3B926}
		{ACE0B5C1-BACD-4183-9B88-F292FF47946A} = {B59558BE-5644-4961-B87D-A8F9F1F0495E}
		{28195724-3363-4B6A-BBF1-A1CAC442A9C0} = {B59558BE-5644-4961-B87D-A8F9F1F0495E}
		{29B03C32-7EA0-47DD-8FD4-A80787FA760F} = {B59558BE-5644-4961-B87D-A8F9F1F0495E}
		{9B20E499-FE08-46BD-84BE-385BD3A33869} = {EE547B8B-D395-44B4-83E3-95D14B64470D}
	EndGlobalSection
	GlobalSection(ExtensibilityGlobals) = postSolution
		SolutionGuid = {C9898B24-2CA0-4C13-BE85-581DC968AE74}
	EndGlobalSection
EndGlobal
